
Microsoft Visual Studio Solution File, Format Version 12.00
# Visual Studio Version 16
VisualStudioVersion = 16.0.31624.102
MinimumVisualStudioVersion = 10.0.40219.1
Project("{FAE04EC0-301F-11D3-BF4B-00C04F79EFBC}") = "ayyyy", "ayyyy\ayyyy.csproj", "{1E5C1FB4-4D0B-4F17-86AA-90EAA5483767}"
EndProject
Project("{FAE04EC0-301F-11D3-BF4B-00C04F79EFBC}") = "lab3", "lab3\lab3.csproj", "{0A8192A2-28F9-4806-A90C-A1A86076E65C}"
EndProject
Project("{FAE04EC0-301F-11D3-BF4B-00C04F79EFBC}") = "lab33", "lab33\lab33.csproj", "{524A514F-F018-43B6-8FEE-1CFD2C14BBFD}"
EndProject
Global
	GlobalSection(SolutionConfigurationPlatforms) = preSolution
		Debug|Any CPU = Debug|Any CPU
		Release|Any CPU = Release|Any CPU
	EndGlobalSection
	GlobalSection(ProjectConfigurationPlatforms) = postSolution
		{1E5C1FB4-4D0B-4F17-86AA-90EAA5483767}.Debug|Any CPU.ActiveCfg = Debug|Any CPU
		{1E5C1FB4-4D0B-4F17-86AA-90EAA5483767}.Debug|Any CPU.Build.0 = Debug|Any CPU
		{1E5C1FB4-4D0B-4F17-86AA-90EAA5483767}.Release|Any CPU.ActiveCfg = Release|Any CPU
		{1E5C1FB4-4D0B-4F17-86AA-90EAA5483767}.Release|Any CPU.Build.0 = Release|Any CPU
		{0A8192A2-28F9-4806-A90C-A1A86076E65C}.Debug|Any CPU.ActiveCfg = Debug|Any CPU
		{0A8192A2-28F9-4806-A90C-A1A86076E65C}.Debug|Any CPU.Build.0 = Debug|Any CPU
		{0A8192A2-28F9-4806-A90C-A1A86076E65C}.Release|Any CPU.ActiveCfg = Release|Any CPU
		{0A8192A2-28F9-4806-A90C-A1A86076E65C}.Release|Any CPU.Build.0 = Release|Any CPU
		{524A514F-F018-43B6-8FEE-1CFD2C14BBFD}.Debug|Any CPU.ActiveCfg = Debug|Any CPU
		{524A514F-F018-43B6-8FEE-1CFD2C14BBFD}.Debug|Any CPU.Build.0 = Debug|Any CPU
		{524A514F-F018-43B6-8FEE-1CFD2C14BBFD}.Release|Any CPU.ActiveCfg = Release|Any CPU
		{524A514F-F018-43B6-8FEE-1CFD2C14BBFD}.Release|Any CPU.Build.0 = Release|Any CPU
	EndGlobalSection
	GlobalSection(SolutionProperties) = preSolution
		HideSolutionNode = FALSE
	EndGlobalSection
	GlobalSection(ExtensibilityGlobals) = postSolution
		SolutionGuid = {190A0559-B951-4D0C-BA4F-039D0DFEC73F}
	EndGlobalSection
EndGlobal
